
Microsoft Visual Studio Solution File, Format Version 12.00
# Visual Studio Version 17
VisualStudioVersion = 17.9.34728.123
MinimumVisualStudioVersion = 10.0.40219.1
Project("{FAE04EC0-301F-11D3-BF4B-00C04F79EFBC}") = "netwise-task", "netwise-task.csproj", "{09B15C42-EF96-4740-8D59-5182A6DBD030}"
EndProject
Global
	GlobalSection(SolutionConfigurationPlatforms) = preSolution
		Debug|Any CPU = Debug|Any CPU
		Release|Any CPU = Release|Any CPU
	EndGlobalSection
	GlobalSection(ProjectConfigurationPlatforms) = postSolution
		{09B15C42-EF96-4740-8D59-5182A6DBD030}.Debug|Any CPU.ActiveCfg = Debug|Any CPU
		{09B15C42-EF96-4740-8D59-5182A6DBD030}.Debug|Any CPU.Build.0 = Debug|Any CPU
		{09B15C42-EF96-4740-8D59-5182A6DBD030}.Release|Any CPU.ActiveCfg = Release|Any CPU
		{09B15C42-EF96-4740-8D59-5182A6DBD030}.Release|Any CPU.Build.0 = Release|Any CPU
	EndGlobalSection
	GlobalSection(SolutionProperties) = preSolution
		HideSolutionNode = FALSE
	EndGlobalSection
	GlobalSection(ExtensibilityGlobals) = postSolution
		SolutionGuid = {8AE5C839-D3AA-4C88-9913-0F807F926655}
	EndGlobalSection
EndGlobal
